// !$*UTF8*$!
{
	archiveVersion = 1;
	classes = {
	};
	objectVersion = 56;
	objects = {

/* Begin PBXBuildFile section */
		284A5C712C11E44D00009522 /* CoffeeScaleApp.swift in Sources */ = {isa = PBXBuildFile; fileRef = 284A5C702C11E44D00009522 /* CoffeeScaleApp.swift */; };
		284A5C732C11E44D00009522 /* ContentView.swift in Sources */ = {isa = PBXBuildFile; fileRef = 284A5C722C11E44D00009522 /* ContentView.swift */; };
		284A5C752C11E44F00009522 /* Assets.xcassets in Resources */ = {isa = PBXBuildFile; fileRef = 284A5C742C11E44F00009522 /* Assets.xcassets */; };
		284A5C782C11E44F00009522 /* Preview Assets.xcassets in Resources */ = {isa = PBXBuildFile; fileRef = 284A5C772C11E44F00009522 /* Preview Assets.xcassets */; };
		284A5C822C11E44F00009522 /* CoffeeScaleTests.swift in Sources */ = {isa = PBXBuildFile; fileRef = 284A5C812C11E44F00009522 /* CoffeeScaleTests.swift */; };
		284A5C8C2C11E44F00009522 /* CoffeeScaleUITests.swift in Sources */ = {isa = PBXBuildFile; fileRef = 284A5C8B2C11E44F00009522 /* CoffeeScaleUITests.swift */; };
		284A5C8E2C11E44F00009522 /* CoffeeScaleUITestsLaunchTests.swift in Sources */ = {isa = PBXBuildFile; fileRef = 284A5C8D2C11E44F00009522 /* CoffeeScaleUITestsLaunchTests.swift */; };
		28E464092C16E6DA00BEDBD5 /* StopWatch.swift in Sources */ = {isa = PBXBuildFile; fileRef = 28E464082C16E6DA00BEDBD5 /* StopWatch.swift */; };
		28E4640B2C172C6100BEDBD5 /* BluetoothScale.swift in Sources */ = {isa = PBXBuildFile; fileRef = 28E4640A2C172C6100BEDBD5 /* BluetoothScale.swift */; };
/* End PBXBuildFile section */

/* Begin PBXContainerItemProxy section */
		284A5C7E2C11E44F00009522 /* PBXContainerItemProxy */ = {
			isa = PBXContainerItemProxy;
			containerPortal = 284A5C652C11E44D00009522 /* Project object */;
			proxyType = 1;
			remoteGlobalIDString = 284A5C6C2C11E44D00009522;
			remoteInfo = CoffeeScale;
		};
		284A5C882C11E44F00009522 /* PBXContainerItemProxy */ = {
			isa = PBXContainerItemProxy;
			containerPortal = 284A5C652C11E44D00009522 /* Project object */;
			proxyType = 1;
			remoteGlobalIDString = 284A5C6C2C11E44D00009522;
			remoteInfo = CoffeeScale;
		};
/* End PBXContainerItemProxy section */

/* Begin PBXFileReference section */
		284A5C6D2C11E44D00009522 /* CoffeeScale.app */ = {isa = PBXFileReference; explicitFileType = wrapper.application; includeInIndex = 0; path = CoffeeScale.app; sourceTree = BUILT_PRODUCTS_DIR; };
		284A5C702C11E44D00009522 /* CoffeeScaleApp.swift */ = {isa = PBXFileReference; lastKnownFileType = sourcecode.swift; path = CoffeeScaleApp.swift; sourceTree = "<group>"; };
		284A5C722C11E44D00009522 /* ContentView.swift */ = {isa = PBXFileReference; lastKnownFileType = sourcecode.swift; path = ContentView.swift; sourceTree = "<group>"; };
		284A5C742C11E44F00009522 /* Assets.xcassets */ = {isa = PBXFileReference; lastKnownFileType = folder.assetcatalog; path = Assets.xcassets; sourceTree = "<group>"; };
		284A5C772C11E44F00009522 /* Preview Assets.xcassets */ = {isa = PBXFileReference; lastKnownFileType = folder.assetcatalog; path = "Preview Assets.xcassets"; sourceTree = "<group>"; };
		284A5C7D2C11E44F00009522 /* CoffeeScaleTests.xctest */ = {isa = PBXFileReference; explicitFileType = wrapper.cfbundle; includeInIndex = 0; path = CoffeeScaleTests.xctest; sourceTree = BUILT_PRODUCTS_DIR; };
		284A5C812C11E44F00009522 /* CoffeeScaleTests.swift */ = {isa = PBXFileReference; lastKnownFileType = sourcecode.swift; path = CoffeeScaleTests.swift; sourceTree = "<group>"; };
		284A5C872C11E44F00009522 /* CoffeeScaleUITests.xctest */ = {isa = PBXFileReference; explicitFileType = wrapper.cfbundle; includeInIndex = 0; path = CoffeeScaleUITests.xctest; sourceTree = BUILT_PRODUCTS_DIR; };
		284A5C8B2C11E44F00009522 /* CoffeeScaleUITests.swift */ = {isa = PBXFileReference; lastKnownFileType = sourcecode.swift; path = CoffeeScaleUITests.swift; sourceTree = "<group>"; };
		284A5C8D2C11E44F00009522 /* CoffeeScaleUITestsLaunchTests.swift */ = {isa = PBXFileReference; lastKnownFileType = sourcecode.swift; path = CoffeeScaleUITestsLaunchTests.swift; sourceTree = "<group>"; };
		28E464082C16E6DA00BEDBD5 /* StopWatch.swift */ = {isa = PBXFileReference; lastKnownFileType = sourcecode.swift; path = StopWatch.swift; sourceTree = "<group>"; };
		28E4640A2C172C6100BEDBD5 /* BluetoothScale.swift */ = {isa = PBXFileReference; lastKnownFileType = sourcecode.swift; path = BluetoothScale.swift; sourceTree = "<group>"; };
/* End PBXFileReference section */

/* Begin PBXFrameworksBuildPhase section */
		284A5C6A2C11E44D00009522 /* Frameworks */ = {
			isa = PBXFrameworksBuildPhase;
			buildActionMask = 2147483647;
			files = (
			);
			runOnlyForDeploymentPostprocessing = 0;
		};
		284A5C7A2C11E44F00009522 /* Frameworks */ = {
			isa = PBXFrameworksBuildPhase;
			buildActionMask = 2147483647;
			files = (
			);
			runOnlyForDeploymentPostprocessing = 0;
		};
		284A5C842C11E44F00009522 /* Frameworks */ = {
			isa = PBXFrameworksBuildPhase;
			buildActionMask = 2147483647;
			files = (
			);
			runOnlyForDeploymentPostprocessing = 0;
		};
/* End PBXFrameworksBuildPhase section */

/* Begin PBXGroup section */
		284A5C642C11E44D00009522 = {
			isa = PBXGroup;
			children = (
				284A5C6F2C11E44D00009522 /* CoffeeScale */,
				284A5C802C11E44F00009522 /* CoffeeScaleTests */,
				284A5C8A2C11E44F00009522 /* CoffeeScaleUITests */,
				284A5C6E2C11E44D00009522 /* Products */,
			);
			sourceTree = "<group>";
		};
		284A5C6E2C11E44D00009522 /* Products */ = {
			isa = PBXGroup;
			children = (
				284A5C6D2C11E44D00009522 /* CoffeeScale.app */,
				284A5C7D2C11E44F00009522 /* CoffeeScaleTests.xctest */,
				284A5C872C11E44F00009522 /* CoffeeScaleUITests.xctest */,
			);
			name = Products;
			sourceTree = "<group>";
		};
		284A5C6F2C11E44D00009522 /* CoffeeScale */ = {
			isa = PBXGroup;
			children = (
				284A5C702C11E44D00009522 /* CoffeeScaleApp.swift */,
				284A5C722C11E44D00009522 /* ContentView.swift */,
				284A5C742C11E44F00009522 /* Assets.xcassets */,
				284A5C762C11E44F00009522 /* Preview Content */,
				28E464082C16E6DA00BEDBD5 /* StopWatch.swift */,
				28E4640A2C172C6100BEDBD5 /* BluetoothScale.swift */,
			);
			path = CoffeeScale;
			sourceTree = "<group>";
		};
		284A5C762C11E44F00009522 /* Preview Content */ = {
			isa = PBXGroup;
			children = (
				284A5C772C11E44F00009522 /* Preview Assets.xcassets */,
			);
			path = "Preview Content";
			sourceTree = "<group>";
		};
		284A5C802C11E44F00009522 /* CoffeeScaleTests */ = {
			isa = PBXGroup;
			children = (
				284A5C812C11E44F00009522 /* CoffeeScaleTests.swift */,
			);
			path = CoffeeScaleTests;
			sourceTree = "<group>";
		};
		284A5C8A2C11E44F00009522 /* CoffeeScaleUITests */ = {
			isa = PBXGroup;
			children = (
				284A5C8B2C11E44F00009522 /* CoffeeScaleUITests.swift */,
				284A5C8D2C11E44F00009522 /* CoffeeScaleUITestsLaunchTests.swift */,
			);
			path = CoffeeScaleUITests;
			sourceTree = "<group>";
		};
/* End PBXGroup section */

/* Begin PBXNativeTarget section */
		284A5C6C2C11E44D00009522 /* CoffeeScale */ = {
			isa = PBXNativeTarget;
			buildConfigurationList = 284A5C912C11E44F00009522 /* Build configuration list for PBXNativeTarget "CoffeeScale" */;
			buildPhases = (
				284A5C692C11E44D00009522 /* Sources */,
				284A5C6A2C11E44D00009522 /* Frameworks */,
				284A5C6B2C11E44D00009522 /* Resources */,
			);
			buildRules = (
			);
			dependencies = (
			);
			name = CoffeeScale;
			productName = CoffeeScale;
			productReference = 284A5C6D2C11E44D00009522 /* CoffeeScale.app */;
			productType = "com.apple.product-type.application";
		};
		284A5C7C2C11E44F00009522 /* CoffeeScaleTests */ = {
			isa = PBXNativeTarget;
			buildConfigurationList = 284A5C942C11E44F00009522 /* Build configuration list for PBXNativeTarget "CoffeeScaleTests" */;
			buildPhases = (
				284A5C792C11E44F00009522 /* Sources */,
				284A5C7A2C11E44F00009522 /* Frameworks */,
				284A5C7B2C11E44F00009522 /* Resources */,
			);
			buildRules = (
			);
			dependencies = (
				284A5C7F2C11E44F00009522 /* PBXTargetDependency */,
			);
			name = CoffeeScaleTests;
			productName = CoffeeScaleTests;
			productReference = 284A5C7D2C11E44F00009522 /* CoffeeScaleTests.xctest */;
			productType = "com.apple.product-type.bundle.unit-test";
		};
		284A5C862C11E44F00009522 /* CoffeeScaleUITests */ = {
			isa = PBXNativeTarget;
			buildConfigurationList = 284A5C972C11E44F00009522 /* Build configuration list for PBXNativeTarget "CoffeeScaleUITests" */;
			buildPhases = (
				284A5C832C11E44F00009522 /* Sources */,
				284A5C842C11E44F00009522 /* Frameworks */,
				284A5C852C11E44F00009522 /* Resources */,
			);
			buildRules = (
			);
			dependencies = (
				284A5C892C11E44F00009522 /* PBXTargetDependency */,
			);
			name = CoffeeScaleUITests;
			productName = CoffeeScaleUITests;
			productReference = 284A5C872C11E44F00009522 /* CoffeeScaleUITests.xctest */;
			productType = "com.apple.product-type.bundle.ui-testing";
		};
/* End PBXNativeTarget section */

/* Begin PBXProject section */
		284A5C652C11E44D00009522 /* Project object */ = {
			isa = PBXProject;
			attributes = {
				BuildIndependentTargetsInParallel = 1;
				LastSwiftUpdateCheck = 1540;
				LastUpgradeCheck = 1540;
				TargetAttributes = {
					284A5C6C2C11E44D00009522 = {
						CreatedOnToolsVersion = 15.4;
					};
					284A5C7C2C11E44F00009522 = {
						CreatedOnToolsVersion = 15.4;
						TestTargetID = 284A5C6C2C11E44D00009522;
					};
					284A5C862C11E44F00009522 = {
						CreatedOnToolsVersion = 15.4;
						TestTargetID = 284A5C6C2C11E44D00009522;
					};
				};
			};
			buildConfigurationList = 284A5C682C11E44D00009522 /* Build configuration list for PBXProject "CoffeeScale" */;
			compatibilityVersion = "Xcode 14.0";
			developmentRegion = en;
			hasScannedForEncodings = 0;
			knownRegions = (
				en,
				Base,
			);
			mainGroup = 284A5C642C11E44D00009522;
			productRefGroup = 284A5C6E2C11E44D00009522 /* Products */;
			projectDirPath = "";
			projectRoot = "";
			targets = (
				284A5C6C2C11E44D00009522 /* CoffeeScale */,
				284A5C7C2C11E44F00009522 /* CoffeeScaleTests */,
				284A5C862C11E44F00009522 /* CoffeeScaleUITests */,
			);
		};
/* End PBXProject section */

/* Begin PBXResourcesBuildPhase section */
		284A5C6B2C11E44D00009522 /* Resources */ = {
			isa = PBXResourcesBuildPhase;
			buildActionMask = 2147483647;
			files = (
				284A5C782C11E44F00009522 /* Preview Assets.xcassets in Resources */,
				284A5C752C11E44F00009522 /* Assets.xcassets in Resources */,
			);
			runOnlyForDeploymentPostprocessing = 0;
		};
		284A5C7B2C11E44F00009522 /* Resources */ = {
			isa = PBXResourcesBuildPhase;
			buildActionMask = 2147483647;
			files = (
			);
			runOnlyForDeploymentPostprocessing = 0;
		};
		284A5C852C11E44F00009522 /* Resources */ = {
			isa = PBXResourcesBuildPhase;
			buildActionMask = 2147483647;
			files = (
			);
			runOnlyForDeploymentPostprocessing = 0;
		};
/* End PBXResourcesBuildPhase section */

/* Begin PBXSourcesBuildPhase section */
		284A5C692C11E44D00009522 /* Sources */ = {
			isa = PBXSourcesBuildPhase;
			buildActionMask = 2147483647;
			files = (
				28E464092C16E6DA00BEDBD5 /* StopWatch.swift in Sources */,
				28E4640B2C172C6100BEDBD5 /* BluetoothScale.swift in Sources */,
				284A5C732C11E44D00009522 /* ContentView.swift in Sources */,
				284A5C712C11E44D00009522 /* CoffeeScaleApp.swift in Sources */,
			);
			runOnlyForDeploymentPostprocessing = 0;
		};
		284A5C792C11E44F00009522 /* Sources */ = {
			isa = PBXSourcesBuildPhase;
			buildActionMask = 2147483647;
			files = (
				284A5C822C11E44F00009522 /* CoffeeScaleTests.swift in Sources */,
			);
			runOnlyForDeploymentPostprocessing = 0;
		};
		284A5C832C11E44F00009522 /* Sources */ = {
			isa = PBXSourcesBuildPhase;
			buildActionMask = 2147483647;
			files = (
				284A5C8C2C11E44F00009522 /* CoffeeScaleUITests.swift in Sources */,
				284A5C8E2C11E44F00009522 /* CoffeeScaleUITestsLaunchTests.swift in Sources */,
			);
			runOnlyForDeploymentPostprocessing = 0;
		};
/* End PBXSourcesBuildPhase section */

/* Begin PBXTargetDependency section */
		284A5C7F2C11E44F00009522 /* PBXTargetDependency */ = {
			isa = PBXTargetDependency;
			target = 284A5C6C2C11E44D00009522 /* CoffeeScale */;
			targetProxy = 284A5C7E2C11E44F00009522 /* PBXContainerItemProxy */;
		};
		284A5C892C11E44F00009522 /* PBXTargetDependency */ = {
			isa = PBXTargetDependency;
			target = 284A5C6C2C11E44D00009522 /* CoffeeScale */;
			targetProxy = 284A5C882C11E44F00009522 /* PBXContainerItemProxy */;
		};
/* End PBXTargetDependency section */

/* Begin XCBuildConfiguration section */
		284A5C8F2C11E44F00009522 /* Debug */ = {
			isa = XCBuildConfiguration;
			buildSettings = {
				ALWAYS_SEARCH_USER_PATHS = NO;
				ASSETCATALOG_COMPILER_GENERATE_SWIFT_ASSET_SYMBOL_EXTENSIONS = YES;
				CLANG_ANALYZER_NONNULL = YES;
				CLANG_ANALYZER_NUMBER_OBJECT_CONVERSION = YES_AGGRESSIVE;
				CLANG_CXX_LANGUAGE_STANDARD = "gnu++20";
				CLANG_ENABLE_MODULES = YES;
				CLANG_ENABLE_OBJC_ARC = YES;
				CLANG_ENABLE_OBJC_WEAK = YES;
				CLANG_WARN_BLOCK_CAPTURE_AUTORELEASING = YES;
				CLANG_WARN_BOOL_CONVERSION = YES;
				CLANG_WARN_COMMA = YES;
				CLANG_WARN_CONSTANT_CONVERSION = YES;
				CLANG_WARN_DEPRECATED_OBJC_IMPLEMENTATIONS = YES;
				CLANG_WARN_DIRECT_OBJC_ISA_USAGE = YES_ERROR;
				CLANG_WARN_DOCUMENTATION_COMMENTS = YES;
				CLANG_WARN_EMPTY_BODY = YES;
				CLANG_WARN_ENUM_CONVERSION = YES;
				CLANG_WARN_INFINITE_RECURSION = YES;
				CLANG_WARN_INT_CONVERSION = YES;
				CLANG_WARN_NON_LITERAL_NULL_CONVERSION = YES;
				CLANG_WARN_OBJC_IMPLICIT_RETAIN_SELF = YES;
				CLANG_WARN_OBJC_LITERAL_CONVERSION = YES;
				CLANG_WARN_OBJC_ROOT_CLASS = YES_ERROR;
				CLANG_WARN_QUOTED_INCLUDE_IN_FRAMEWORK_HEADER = YES;
				CLANG_WARN_RANGE_LOOP_ANALYSIS = YES;
				CLANG_WARN_STRICT_PROTOTYPES = YES;
				CLANG_WARN_SUSPICIOUS_MOVE = YES;
				CLANG_WARN_UNGUARDED_AVAILABILITY = YES_AGGRESSIVE;
				CLANG_WARN_UNREACHABLE_CODE = YES;
				CLANG_WARN__DUPLICATE_METHOD_MATCH = YES;
				COPY_PHASE_STRIP = NO;
				DEBUG_INFORMATION_FORMAT = dwarf;
				ENABLE_STRICT_OBJC_MSGSEND = YES;
				ENABLE_TESTABILITY = YES;
				ENABLE_USER_SCRIPT_SANDBOXING = YES;
				GCC_C_LANGUAGE_STANDARD = gnu17;
				GCC_DYNAMIC_NO_PIC = NO;
				GCC_NO_COMMON_BLOCKS = YES;
				GCC_OPTIMIZATION_LEVEL = 0;
				GCC_PREPROCESSOR_DEFINITIONS = (
					"DEBUG=1",
					"$(inherited)",
				);
				GCC_WARN_64_TO_32_BIT_CONVERSION = YES;
				GCC_WARN_ABOUT_RETURN_TYPE = YES_ERROR;
				GCC_WARN_UNDECLARED_SELECTOR = YES;
				GCC_WARN_UNINITIALIZED_AUTOS = YES_AGGRESSIVE;
				GCC_WARN_UNUSED_FUNCTION = YES;
				GCC_WARN_UNUSED_VARIABLE = YES;
				IPHONEOS_DEPLOYMENT_TARGET = 17.5;
				LOCALIZATION_PREFERS_STRING_CATALOGS = YES;
				MTL_ENABLE_DEBUG_INFO = INCLUDE_SOURCE;
				MTL_FAST_MATH = YES;
				ONLY_ACTIVE_ARCH = YES;
				SDKROOT = iphoneos;
				SWIFT_ACTIVE_COMPILATION_CONDITIONS = "DEBUG $(inherited)";
				SWIFT_OPTIMIZATION_LEVEL = "-Onone";
			};
			name = Debug;
		};
		284A5C902C11E44F00009522 /* Release */ = {
			isa = XCBuildConfiguration;
			buildSettings = {
				ALWAYS_SEARCH_USER_PATHS = NO;
				ASSETCATALOG_COMPILER_GENERATE_SWIFT_ASSET_SYMBOL_EXTENSIONS = YES;
				CLANG_ANALYZER_NONNULL = YES;
				CLANG_ANALYZER_NUMBER_OBJECT_CONVERSION = YES_AGGRESSIVE;
				CLANG_CXX_LANGUAGE_STANDARD = "gnu++20";
				CLANG_ENABLE_MODULES = YES;
				CLANG_ENABLE_OBJC_ARC = YES;
				CLANG_ENABLE_OBJC_WEAK = YES;
				CLANG_WARN_BLOCK_CAPTURE_AUTORELEASING = YES;
				CLANG_WARN_BOOL_CONVERSION = YES;
				CLANG_WARN_COMMA = YES;
				CLANG_WARN_CONSTANT_CONVERSION = YES;
				CLANG_WARN_DEPRECATED_OBJC_IMPLEMENTATIONS = YES;
				CLANG_WARN_DIRECT_OBJC_ISA_USAGE = YES_ERROR;
				CLANG_WARN_DOCUMENTATION_COMMENTS = YES;
				CLANG_WARN_EMPTY_BODY = YES;
				CLANG_WARN_ENUM_CONVERSION = YES;
				CLANG_WARN_INFINITE_RECURSION = YES;
				CLANG_WARN_INT_CONVERSION = YES;
				CLANG_WARN_NON_LITERAL_NULL_CONVERSION = YES;
				CLANG_WARN_OBJC_IMPLICIT_RETAIN_SELF = YES;
				CLANG_WARN_OBJC_LITERAL_CONVERSION = YES;
				CLANG_WARN_OBJC_ROOT_CLASS = YES_ERROR;
				CLANG_WARN_QUOTED_INCLUDE_IN_FRAMEWORK_HEADER = YES;
				CLANG_WARN_RANGE_LOOP_ANALYSIS = YES;
				CLANG_WARN_STRICT_PROTOTYPES = YES;
				CLANG_WARN_SUSPICIOUS_MOVE = YES;
				CLANG_WARN_UNGUARDED_AVAILABILITY = YES_AGGRESSIVE;
				CLANG_WARN_UNREACHABLE_CODE = YES;
				CLANG_WARN__DUPLICATE_METHOD_MATCH = YES;
				COPY_PHASE_STRIP = NO;
				DEBUG_INFORMATION_FORMAT = "dwarf-with-dsym";
				ENABLE_NS_ASSERTIONS = NO;
				ENABLE_STRICT_OBJC_MSGSEND = YES;
				ENABLE_USER_SCRIPT_SANDBOXING = YES;
				GCC_C_LANGUAGE_STANDARD = gnu17;
				GCC_NO_COMMON_BLOCKS = YES;
				GCC_WARN_64_TO_32_BIT_CONVERSION = YES;
				GCC_WARN_ABOUT_RETURN_TYPE = YES_ERROR;
				GCC_WARN_UNDECLARED_SELECTOR = YES;
				GCC_WARN_UNINITIALIZED_AUTOS = YES_AGGRESSIVE;
				GCC_WARN_UNUSED_FUNCTION = YES;
				GCC_WARN_UNUSED_VARIABLE = YES;
				IPHONEOS_DEPLOYMENT_TARGET = 17.5;
				LOCALIZATION_PREFERS_STRING_CATALOGS = YES;
				MTL_ENABLE_DEBUG_INFO = NO;
				MTL_FAST_MATH = YES;
				SDKROOT = iphoneos;
				SWIFT_COMPILATION_MODE = wholemodule;
				VALIDATE_PRODUCT = YES;
			};
			name = Release;
		};
		284A5C922C11E44F00009522 /* Debug */ = {
			isa = XCBuildConfiguration;
			buildSettings = {
				ASSETCATALOG_COMPILER_APPICON_NAME = AppIcon;
				ASSETCATALOG_COMPILER_GLOBAL_ACCENT_COLOR_NAME = AccentColor;
				ASSETCATALOG_COMPILER_INCLUDE_ALL_APPICON_ASSETS = NO;
				CODE_SIGN_STYLE = Automatic;
				CURRENT_PROJECT_VERSION = 1;
				DEVELOPMENT_ASSET_PATHS = "\"CoffeeScale/Preview Content\"";
				DEVELOPMENT_TEAM = 3CPQ28ZTZP;
				ENABLE_PREVIEWS = YES;
				GENERATE_INFOPLIST_FILE = YES;
				INFOPLIST_KEY_CFBundleDisplayName = "Kofezavr Scale";
				INFOPLIST_KEY_LSApplicationCategoryType = "public.app-category.food-and-drink";
				INFOPLIST_KEY_NSBluetoothAlwaysUsageDescription = "Allow to use bluetooth";
				INFOPLIST_KEY_NSBluetoothPeripheralUsageDescription = "Allow to connect to scale";
				INFOPLIST_KEY_UIApplicationSceneManifest_Generation = YES;
				INFOPLIST_KEY_UIApplicationSupportsIndirectInputEvents = YES;
				INFOPLIST_KEY_UILaunchScreen_Generation = YES;
				INFOPLIST_KEY_UISupportedInterfaceOrientations_iPad = "UIInterfaceOrientationPortrait UIInterfaceOrientationPortraitUpsideDown UIInterfaceOrientationLandscapeLeft UIInterfaceOrientationLandscapeRight";
				INFOPLIST_KEY_UISupportedInterfaceOrientations_iPhone = "UIInterfaceOrientationPortrait UIInterfaceOrientationLandscapeLeft UIInterfaceOrientationLandscapeRight";
				LD_RUNPATH_SEARCH_PATHS = (
					"$(inherited)",
					"@executable_path/Frameworks",
				);
				MARKETING_VERSION = 1.0;
				PRODUCT_BUNDLE_IDENTIFIER = ru.kofezavr.CoffeeScale;
				PRODUCT_NAME = "$(TARGET_NAME)";
				SWIFT_EMIT_LOC_STRINGS = YES;
				SWIFT_VERSION = 5.0;
				TARGETED_DEVICE_FAMILY = 1;
			};
			name = Debug;
		};
		284A5C932C11E44F00009522 /* Release */ = {
			isa = XCBuildConfiguration;
			buildSettings = {
				ASSETCATALOG_COMPILER_APPICON_NAME = AppIcon;
				ASSETCATALOG_COMPILER_GLOBAL_ACCENT_COLOR_NAME = AccentColor;
				ASSETCATALOG_COMPILER_INCLUDE_ALL_APPICON_ASSETS = NO;
				CODE_SIGN_STYLE = Automatic;
				CURRENT_PROJECT_VERSION = 1;
				DEVELOPMENT_ASSET_PATHS = "\"CoffeeScale/Preview Content\"";
				DEVELOPMENT_TEAM = 3CPQ28ZTZP;
				ENABLE_PREVIEWS = YES;
				GENERATE_INFOPLIST_FILE = YES;
				INFOPLIST_KEY_CFBundleDisplayName = "Kofezavr Scale";
				INFOPLIST_KEY_LSApplicationCategoryType = "public.app-category.food-and-drink";
				INFOPLIST_KEY_NSBluetoothAlwaysUsageDescription = "Allow to use bluetooth";
				INFOPLIST_KEY_NSBluetoothPeripheralUsageDescription = "Allow to connect to scale";
				INFOPLIST_KEY_UIApplicationSceneManifest_Generation = YES;
				INFOPLIST_KEY_UIApplicationSupportsIndirectInputEvents = YES;
				INFOPLIST_KEY_UILaunchScreen_Generation = YES;
				INFOPLIST_KEY_UISupportedInterfaceOrientations_iPad = "UIInterfaceOrientationPortrait UIInterfaceOrientationPortraitUpsideDown UIInterfaceOrientationLandscapeLeft UIInterfaceOrientationLandscapeRight";
				INFOPLIST_KEY_UISupportedInterfaceOrientations_iPhone = "UIInterfaceOrientationPortrait UIInterfaceOrientationLandscapeLeft UIInterfaceOrientationLandscapeRight";
				LD_RUNPATH_SEARCH_PATHS = (
					"$(inherited)",
					"@executable_path/Frameworks",
				);
				MARKETING_VERSION = 1.0;
				PRODUCT_BUNDLE_IDENTIFIER = ru.kofezavr.CoffeeScale;
				PRODUCT_NAME = "$(TARGET_NAME)";
				SWIFT_EMIT_LOC_STRINGS = YES;
				SWIFT_VERSION = 5.0;
				TARGETED_DEVICE_FAMILY = 1;
			};
			name = Release;
		};
		284A5C952C11E44F00009522 /* Debug */ = {
			isa = XCBuildConfiguration;
			buildSettings = {
				ALWAYS_EMBED_SWIFT_STANDARD_LIBRARIES = YES;
				BUNDLE_LOADER = "$(TEST_HOST)";
				CODE_SIGN_STYLE = Automatic;
				CURRENT_PROJECT_VERSION = 1;
				DEVELOPMENT_TEAM = 3CPQ28ZTZP;
				GENERATE_INFOPLIST_FILE = YES;
				IPHONEOS_DEPLOYMENT_TARGET = 17.5;
				MARKETING_VERSION = 1.0;
				PRODUCT_BUNDLE_IDENTIFIER = ru.kofezavr.CoffeeScaleTests;
				PRODUCT_NAME = "$(TARGET_NAME)";
				SWIFT_EMIT_LOC_STRINGS = NO;
				SWIFT_VERSION = 5.0;
				TARGETED_DEVICE_FAMILY = "1,2";
				TEST_HOST = "$(BUILT_PRODUCTS_DIR)/CoffeeScale.app/$(BUNDLE_EXECUTABLE_FOLDER_PATH)/CoffeeScale";
			};
			name = Debug;
		};
		284A5C962C11E44F00009522 /* Release */ = {
			isa = XCBuildConfiguration;
			buildSettings = {
				ALWAYS_EMBED_SWIFT_STANDARD_LIBRARIES = YES;
				BUNDLE_LOADER = "$(TEST_HOST)";
				CODE_SIGN_STYLE = Automatic;
				CURRENT_PROJECT_VERSION = 1;
				DEVELOPMENT_TEAM = 3CPQ28ZTZP;
				GENERATE_INFOPLIST_FILE = YES;
				IPHONEOS_DEPLOYMENT_TARGET = 17.5;
				MARKETING_VERSION = 1.0;
				PRODUCT_BUNDLE_IDENTIFIER = ru.kofezavr.CoffeeScaleTests;
				PRODUCT_NAME = "$(TARGET_NAME)";
				SWIFT_EMIT_LOC_STRINGS = NO;
				SWIFT_VERSION = 5.0;
				TARGETED_DEVICE_FAMILY = "1,2";
				TEST_HOST = "$(BUILT_PRODUCTS_DIR)/CoffeeScale.app/$(BUNDLE_EXECUTABLE_FOLDER_PATH)/CoffeeScale";
			};
			name = Release;
		};
		284A5C982C11E44F00009522 /* Debug */ = {
			isa = XCBuildConfiguration;
			buildSettings = {
				ALWAYS_EMBED_SWIFT_STANDARD_LIBRARIES = YES;
				CODE_SIGN_STYLE = Automatic;
				CURRENT_PROJECT_VERSION = 1;
				DEVELOPMENT_TEAM = 3CPQ28ZTZP;
				GENERATE_INFOPLIST_FILE = YES;
				MARKETING_VERSION = 1.0;
				PRODUCT_BUNDLE_IDENTIFIER = ru.kofezavr.CoffeeScaleUITests;
				PRODUCT_NAME = "$(TARGET_NAME)";
				SWIFT_EMIT_LOC_STRINGS = NO;
				SWIFT_VERSION = 5.0;
				TARGETED_DEVICE_FAMILY = "1,2";
				TEST_TARGET_NAME = CoffeeScale;
			};
			name = Debug;
		};
		284A5C992C11E44F00009522 /* Release */ = {
			isa = XCBuildConfiguration;
			buildSettings = {
				ALWAYS_EMBED_SWIFT_STANDARD_LIBRARIES = YES;
				CODE_SIGN_STYLE = Automatic;
				CURRENT_PROJECT_VERSION = 1;
				DEVELOPMENT_TEAM = 3CPQ28ZTZP;
				GENERATE_INFOPLIST_FILE = YES;
				MARKETING_VERSION = 1.0;
				PRODUCT_BUNDLE_IDENTIFIER = ru.kofezavr.CoffeeScaleUITests;
				PRODUCT_NAME = "$(TARGET_NAME)";
				SWIFT_EMIT_LOC_STRINGS = NO;
				SWIFT_VERSION = 5.0;
				TARGETED_DEVICE_FAMILY = "1,2";
				TEST_TARGET_NAME = CoffeeScale;
			};
			name = Release;
		};
/* End XCBuildConfiguration section */

/* Begin XCConfigurationList section */
		284A5C682C11E44D00009522 /* Build configuration list for PBXProject "CoffeeScale" */ = {
			isa = XCConfigurationList;
			buildConfigurations = (
				284A5C8F2C11E44F00009522 /* Debug */,
				284A5C902C11E44F00009522 /* Release */,
			);
			defaultConfigurationIsVisible = 0;
			defaultConfigurationName = Release;
		};
		284A5C912C11E44F00009522 /* Build configuration list for PBXNativeTarget "CoffeeScale" */ = {
			isa = XCConfigurationList;
			buildConfigurations = (
				284A5C922C11E44F00009522 /* Debug */,
				284A5C932C11E44F00009522 /* Release */,
			);
			defaultConfigurationIsVisible = 0;
			defaultConfigurationName = Release;
		};
		284A5C942C11E44F00009522 /* Build configuration list for PBXNativeTarget "CoffeeScaleTests" */ = {
			isa = XCConfigurationList;
			buildConfigurations = (
				284A5C952C11E44F00009522 /* Debug */,
				284A5C962C11E44F00009522 /* Release */,
			);
			defaultConfigurationIsVisible = 0;
			defaultConfigurationName = Release;
		};
		284A5C972C11E44F00009522 /* Build configuration list for PBXNativeTarget "CoffeeScaleUITests" */ = {
			isa = XCConfigurationList;
			buildConfigurations = (
				284A5C982C11E44F00009522 /* Debug */,
				284A5C992C11E44F00009522 /* Release */,
			);
			defaultConfigurationIsVisible = 0;
			defaultConfigurationName = Release;
		};
/* End XCConfigurationList section */
	};
	rootObject = 284A5C652C11E44D00009522 /* Project object */;
}
