// !$*UTF8*$!
{
	archiveVersion = 1;
	classes = {
	};
	objectVersion = 56;
	objects = {

/* Begin PBXBuildFile section */
		28DB51D12C0D966A0027198F /* CoffeeScaleApp.swift in Sources */ = {isa = PBXBuildFile; fileRef = 28DB51D02C0D966A0027198F /* CoffeeScaleApp.swift */; };
		28DB51D32C0D966A0027198F /* ContentView.swift in Sources */ = {isa = PBXBuildFile; fileRef = 28DB51D22C0D966A0027198F /* ContentView.swift */; };
		28DB51D52C0D966C0027198F /* Assets.xcassets in Resources */ = {isa = PBXBuildFile; fileRef = 28DB51D42C0D966C0027198F /* Assets.xcassets */; };
		28DB51D82C0D966C0027198F /* Preview Assets.xcassets in Resources */ = {isa = PBXBuildFile; fileRef = 28DB51D72C0D966C0027198F /* Preview Assets.xcassets */; };
		28DB51E22C0D966C0027198F /* CoffeeScaleTests.swift in Sources */ = {isa = PBXBuildFile; fileRef = 28DB51E12C0D966C0027198F /* CoffeeScaleTests.swift */; };
		28DB51EC2C0D966C0027198F /* CoffeeScaleUITests.swift in Sources */ = {isa = PBXBuildFile; fileRef = 28DB51EB2C0D966C0027198F /* CoffeeScaleUITests.swift */; };
		28DB51EE2C0D966C0027198F /* CoffeeScaleUITestsLaunchTests.swift in Sources */ = {isa = PBXBuildFile; fileRef = 28DB51ED2C0D966C0027198F /* CoffeeScaleUITestsLaunchTests.swift */; };
/* End PBXBuildFile section */

/* Begin PBXContainerItemProxy section */
		28DB51DE2C0D966C0027198F /* PBXContainerItemProxy */ = {
			isa = PBXContainerItemProxy;
			containerPortal = 28DB51C52C0D966A0027198F /* Project object */;
			proxyType = 1;
			remoteGlobalIDString = 28DB51CC2C0D966A0027198F;
			remoteInfo = CoffeeScale;
		};
		28DB51E82C0D966C0027198F /* PBXContainerItemProxy */ = {
			isa = PBXContainerItemProxy;
			containerPortal = 28DB51C52C0D966A0027198F /* Project object */;
			proxyType = 1;
			remoteGlobalIDString = 28DB51CC2C0D966A0027198F;
			remoteInfo = CoffeeScale;
		};
/* End PBXContainerItemProxy section */

/* Begin PBXFileReference section */
		28DB51CD2C0D966A0027198F /* CoffeeScale.app */ = {isa = PBXFileReference; explicitFileType = wrapper.application; includeInIndex = 0; path = CoffeeScale.app; sourceTree = BUILT_PRODUCTS_DIR; };
		28DB51D02C0D966A0027198F /* CoffeeScaleApp.swift */ = {isa = PBXFileReference; lastKnownFileType = sourcecode.swift; path = CoffeeScaleApp.swift; sourceTree = "<group>"; };
		28DB51D22C0D966A0027198F /* ContentView.swift */ = {isa = PBXFileReference; lastKnownFileType = sourcecode.swift; path = ContentView.swift; sourceTree = "<group>"; };
		28DB51D42C0D966C0027198F /* Assets.xcassets */ = {isa = PBXFileReference; lastKnownFileType = folder.assetcatalog; path = Assets.xcassets; sourceTree = "<group>"; };
		28DB51D72C0D966C0027198F /* Preview Assets.xcassets */ = {isa = PBXFileReference; lastKnownFileType = folder.assetcatalog; path = "Preview Assets.xcassets"; sourceTree = "<group>"; };
		28DB51DD2C0D966C0027198F /* CoffeeScaleTests.xctest */ = {isa = PBXFileReference; explicitFileType = wrapper.cfbundle; includeInIndex = 0; path = CoffeeScaleTests.xctest; sourceTree = BUILT_PRODUCTS_DIR; };
		28DB51E12C0D966C0027198F /* CoffeeScaleTests.swift */ = {isa = PBXFileReference; lastKnownFileType = sourcecode.swift; path = CoffeeScaleTests.swift; sourceTree = "<group>"; };
		28DB51E72C0D966C0027198F /* CoffeeScaleUITests.xctest */ = {isa = PBXFileReference; explicitFileType = wrapper.cfbundle; includeInIndex = 0; path = CoffeeScaleUITests.xctest; sourceTree = BUILT_PRODUCTS_DIR; };
		28DB51EB2C0D966C0027198F /* CoffeeScaleUITests.swift */ = {isa = PBXFileReference; lastKnownFileType = sourcecode.swift; path = CoffeeScaleUITests.swift; sourceTree = "<group>"; };
		28DB51ED2C0D966C0027198F /* CoffeeScaleUITestsLaunchTests.swift */ = {isa = PBXFileReference; lastKnownFileType = sourcecode.swift; path = CoffeeScaleUITestsLaunchTests.swift; sourceTree = "<group>"; };
/* End PBXFileReference section */

/* Begin PBXFrameworksBuildPhase section */
		28DB51CA2C0D966A0027198F /* Frameworks */ = {
			isa = PBXFrameworksBuildPhase;
			buildActionMask = 2147483647;
			files = (
			);
			runOnlyForDeploymentPostprocessing = 0;
		};
		28DB51DA2C0D966C0027198F /* Frameworks */ = {
			isa = PBXFrameworksBuildPhase;
			buildActionMask = 2147483647;
			files = (
			);
			runOnlyForDeploymentPostprocessing = 0;
		};
		28DB51E42C0D966C0027198F /* Frameworks */ = {
			isa = PBXFrameworksBuildPhase;
			buildActionMask = 2147483647;
			files = (
			);
			runOnlyForDeploymentPostprocessing = 0;
		};
/* End PBXFrameworksBuildPhase section */

/* Begin PBXGroup section */
		28DB51C42C0D966A0027198F = {
			isa = PBXGroup;
			children = (
				28DB51CF2C0D966A0027198F /* CoffeeScale */,
				28DB51E02C0D966C0027198F /* CoffeeScaleTests */,
				28DB51EA2C0D966C0027198F /* CoffeeScaleUITests */,
				28DB51CE2C0D966A0027198F /* Products */,
			);
			sourceTree = "<group>";
		};
		28DB51CE2C0D966A0027198F /* Products */ = {
			isa = PBXGroup;
			children = (
				28DB51CD2C0D966A0027198F /* CoffeeScale.app */,
				28DB51DD2C0D966C0027198F /* CoffeeScaleTests.xctest */,
				28DB51E72C0D966C0027198F /* CoffeeScaleUITests.xctest */,
			);
			name = Products;
			sourceTree = "<group>";
		};
		28DB51CF2C0D966A0027198F /* CoffeeScale */ = {
			isa = PBXGroup;
			children = (
				28DB51D02C0D966A0027198F /* CoffeeScaleApp.swift */,
				28DB51D22C0D966A0027198F /* ContentView.swift */,
				28DB51D42C0D966C0027198F /* Assets.xcassets */,
				28DB51D62C0D966C0027198F /* Preview Content */,
			);
			path = CoffeeScale;
			sourceTree = "<group>";
		};
		28DB51D62C0D966C0027198F /* Preview Content */ = {
			isa = PBXGroup;
			children = (
				28DB51D72C0D966C0027198F /* Preview Assets.xcassets */,
			);
			path = "Preview Content";
			sourceTree = "<group>";
		};
		28DB51E02C0D966C0027198F /* CoffeeScaleTests */ = {
			isa = PBXGroup;
			children = (
				28DB51E12C0D966C0027198F /* CoffeeScaleTests.swift */,
			);
			path = CoffeeScaleTests;
			sourceTree = "<group>";
		};
		28DB51EA2C0D966C0027198F /* CoffeeScaleUITests */ = {
			isa = PBXGroup;
			children = (
				28DB51EB2C0D966C0027198F /* CoffeeScaleUITests.swift */,
				28DB51ED2C0D966C0027198F /* CoffeeScaleUITestsLaunchTests.swift */,
			);
			path = CoffeeScaleUITests;
			sourceTree = "<group>";
		};
/* End PBXGroup section */

/* Begin PBXNativeTarget section */
		28DB51CC2C0D966A0027198F /* CoffeeScale */ = {
			isa = PBXNativeTarget;
			buildConfigurationList = 28DB51F12C0D966C0027198F /* Build configuration list for PBXNativeTarget "CoffeeScale" */;
			buildPhases = (
				28DB51C92C0D966A0027198F /* Sources */,
				28DB51CA2C0D966A0027198F /* Frameworks */,
				28DB51CB2C0D966A0027198F /* Resources */,
			);
			buildRules = (
			);
			dependencies = (
			);
			name = CoffeeScale;
			productName = CoffeeScale;
			productReference = 28DB51CD2C0D966A0027198F /* CoffeeScale.app */;
			productType = "com.apple.product-type.application";
		};
		28DB51DC2C0D966C0027198F /* CoffeeScaleTests */ = {
			isa = PBXNativeTarget;
			buildConfigurationList = 28DB51F42C0D966C0027198F /* Build configuration list for PBXNativeTarget "CoffeeScaleTests" */;
			buildPhases = (
				28DB51D92C0D966C0027198F /* Sources */,
				28DB51DA2C0D966C0027198F /* Frameworks */,
				28DB51DB2C0D966C0027198F /* Resources */,
			);
			buildRules = (
			);
			dependencies = (
				28DB51DF2C0D966C0027198F /* PBXTargetDependency */,
			);
			name = CoffeeScaleTests;
			productName = CoffeeScaleTests;
			productReference = 28DB51DD2C0D966C0027198F /* CoffeeScaleTests.xctest */;
			productType = "com.apple.product-type.bundle.unit-test";
		};
		28DB51E62C0D966C0027198F /* CoffeeScaleUITests */ = {
			isa = PBXNativeTarget;
			buildConfigurationList = 28DB51F72C0D966C0027198F /* Build configuration list for PBXNativeTarget "CoffeeScaleUITests" */;
			buildPhases = (
				28DB51E32C0D966C0027198F /* Sources */,
				28DB51E42C0D966C0027198F /* Frameworks */,
				28DB51E52C0D966C0027198F /* Resources */,
			);
			buildRules = (
			);
			dependencies = (
				28DB51E92C0D966C0027198F /* PBXTargetDependency */,
			);
			name = CoffeeScaleUITests;
			productName = CoffeeScaleUITests;
			productReference = 28DB51E72C0D966C0027198F /* CoffeeScaleUITests.xctest */;
			productType = "com.apple.product-type.bundle.ui-testing";
		};
/* End PBXNativeTarget section */

/* Begin PBXProject section */
		28DB51C52C0D966A0027198F /* Project object */ = {
			isa = PBXProject;
			attributes = {
				BuildIndependentTargetsInParallel = 1;
				LastSwiftUpdateCheck = 1530;
				LastUpgradeCheck = 1530;
				TargetAttributes = {
					28DB51CC2C0D966A0027198F = {
						CreatedOnToolsVersion = 15.3;
					};
					28DB51DC2C0D966C0027198F = {
						CreatedOnToolsVersion = 15.3;
						TestTargetID = 28DB51CC2C0D966A0027198F;
					};
					28DB51E62C0D966C0027198F = {
						CreatedOnToolsVersion = 15.3;
						TestTargetID = 28DB51CC2C0D966A0027198F;
					};
				};
			};
			buildConfigurationList = 28DB51C82C0D966A0027198F /* Build configuration list for PBXProject "CoffeeScale" */;
			compatibilityVersion = "Xcode 14.0";
			developmentRegion = en;
			hasScannedForEncodings = 0;
			knownRegions = (
				en,
				Base,
			);
			mainGroup = 28DB51C42C0D966A0027198F;
			productRefGroup = 28DB51CE2C0D966A0027198F /* Products */;
			projectDirPath = "";
			projectRoot = "";
			targets = (
				28DB51CC2C0D966A0027198F /* CoffeeScale */,
				28DB51DC2C0D966C0027198F /* CoffeeScaleTests */,
				28DB51E62C0D966C0027198F /* CoffeeScaleUITests */,
			);
		};
/* End PBXProject section */

/* Begin PBXResourcesBuildPhase section */
		28DB51CB2C0D966A0027198F /* Resources */ = {
			isa = PBXResourcesBuildPhase;
			buildActionMask = 2147483647;
			files = (
				28DB51D82C0D966C0027198F /* Preview Assets.xcassets in Resources */,
				28DB51D52C0D966C0027198F /* Assets.xcassets in Resources */,
			);
			runOnlyForDeploymentPostprocessing = 0;
		};
		28DB51DB2C0D966C0027198F /* Resources */ = {
			isa = PBXResourcesBuildPhase;
			buildActionMask = 2147483647;
			files = (
			);
			runOnlyForDeploymentPostprocessing = 0;
		};
		28DB51E52C0D966C0027198F /* Resources */ = {
			isa = PBXResourcesBuildPhase;
			buildActionMask = 2147483647;
			files = (
			);
			runOnlyForDeploymentPostprocessing = 0;
		};
/* End PBXResourcesBuildPhase section */

/* Begin PBXSourcesBuildPhase section */
		28DB51C92C0D966A0027198F /* Sources */ = {
			isa = PBXSourcesBuildPhase;
			buildActionMask = 2147483647;
			files = (
				28DB51D32C0D966A0027198F /* ContentView.swift in Sources */,
				28DB51D12C0D966A0027198F /* CoffeeScaleApp.swift in Sources */,
			);
			runOnlyForDeploymentPostprocessing = 0;
		};
		28DB51D92C0D966C0027198F /* Sources */ = {
			isa = PBXSourcesBuildPhase;
			buildActionMask = 2147483647;
			files = (
				28DB51E22C0D966C0027198F /* CoffeeScaleTests.swift in Sources */,
			);
			runOnlyForDeploymentPostprocessing = 0;
		};
		28DB51E32C0D966C0027198F /* Sources */ = {
			isa = PBXSourcesBuildPhase;
			buildActionMask = 2147483647;
			files = (
				28DB51EC2C0D966C0027198F /* CoffeeScaleUITests.swift in Sources */,
				28DB51EE2C0D966C0027198F /* CoffeeScaleUITestsLaunchTests.swift in Sources */,
			);
			runOnlyForDeploymentPostprocessing = 0;
		};
/* End PBXSourcesBuildPhase section */

/* Begin PBXTargetDependency section */
		28DB51DF2C0D966C0027198F /* PBXTargetDependency */ = {
			isa = PBXTargetDependency;
			target = 28DB51CC2C0D966A0027198F /* CoffeeScale */;
			targetProxy = 28DB51DE2C0D966C0027198F /* PBXContainerItemProxy */;
		};
		28DB51E92C0D966C0027198F /* PBXTargetDependency */ = {
			isa = PBXTargetDependency;
			target = 28DB51CC2C0D966A0027198F /* CoffeeScale */;
			targetProxy = 28DB51E82C0D966C0027198F /* PBXContainerItemProxy */;
		};
/* End PBXTargetDependency section */

/* Begin XCBuildConfiguration section */
		28DB51EF2C0D966C0027198F /* Debug */ = {
			isa = XCBuildConfiguration;
			buildSettings = {
				ALWAYS_SEARCH_USER_PATHS = NO;
				ASSETCATALOG_COMPILER_GENERATE_SWIFT_ASSET_SYMBOL_EXTENSIONS = YES;
				CLANG_ANALYZER_NONNULL = YES;
				CLANG_ANALYZER_NUMBER_OBJECT_CONVERSION = YES_AGGRESSIVE;
				CLANG_CXX_LANGUAGE_STANDARD = "gnu++20";
				CLANG_ENABLE_MODULES = YES;
				CLANG_ENABLE_OBJC_ARC = YES;
				CLANG_ENABLE_OBJC_WEAK = YES;
				CLANG_WARN_BLOCK_CAPTURE_AUTORELEASING = YES;
				CLANG_WARN_BOOL_CONVERSION = YES;
				CLANG_WARN_COMMA = YES;
				CLANG_WARN_CONSTANT_CONVERSION = YES;
				CLANG_WARN_DEPRECATED_OBJC_IMPLEMENTATIONS = YES;
				CLANG_WARN_DIRECT_OBJC_ISA_USAGE = YES_ERROR;
				CLANG_WARN_DOCUMENTATION_COMMENTS = YES;
				CLANG_WARN_EMPTY_BODY = YES;
				CLANG_WARN_ENUM_CONVERSION = YES;
				CLANG_WARN_INFINITE_RECURSION = YES;
				CLANG_WARN_INT_CONVERSION = YES;
				CLANG_WARN_NON_LITERAL_NULL_CONVERSION = YES;
				CLANG_WARN_OBJC_IMPLICIT_RETAIN_SELF = YES;
				CLANG_WARN_OBJC_LITERAL_CONVERSION = YES;
				CLANG_WARN_OBJC_ROOT_CLASS = YES_ERROR;
				CLANG_WARN_QUOTED_INCLUDE_IN_FRAMEWORK_HEADER = YES;
				CLANG_WARN_RANGE_LOOP_ANALYSIS = YES;
				CLANG_WARN_STRICT_PROTOTYPES = YES;
				CLANG_WARN_SUSPICIOUS_MOVE = YES;
				CLANG_WARN_UNGUARDED_AVAILABILITY = YES_AGGRESSIVE;
				CLANG_WARN_UNREACHABLE_CODE = YES;
				CLANG_WARN__DUPLICATE_METHOD_MATCH = YES;
				COPY_PHASE_STRIP = NO;
				DEBUG_INFORMATION_FORMAT = dwarf;
				ENABLE_STRICT_OBJC_MSGSEND = YES;
				ENABLE_TESTABILITY = YES;
				ENABLE_USER_SCRIPT_SANDBOXING = YES;
				GCC_C_LANGUAGE_STANDARD = gnu17;
				GCC_DYNAMIC_NO_PIC = NO;
				GCC_NO_COMMON_BLOCKS = YES;
				GCC_OPTIMIZATION_LEVEL = 0;
				GCC_PREPROCESSOR_DEFINITIONS = (
					"DEBUG=1",
					"$(inherited)",
				);
				GCC_WARN_64_TO_32_BIT_CONVERSION = YES;
				GCC_WARN_ABOUT_RETURN_TYPE = YES_ERROR;
				GCC_WARN_UNDECLARED_SELECTOR = YES;
				GCC_WARN_UNINITIALIZED_AUTOS = YES_AGGRESSIVE;
				GCC_WARN_UNUSED_FUNCTION = YES;
				GCC_WARN_UNUSED_VARIABLE = YES;
				IPHONEOS_DEPLOYMENT_TARGET = 17.4;
				LOCALIZATION_PREFERS_STRING_CATALOGS = YES;
				MTL_ENABLE_DEBUG_INFO = INCLUDE_SOURCE;
				MTL_FAST_MATH = YES;
				ONLY_ACTIVE_ARCH = YES;
				SDKROOT = iphoneos;
				SWIFT_ACTIVE_COMPILATION_CONDITIONS = "DEBUG $(inherited)";
				SWIFT_OPTIMIZATION_LEVEL = "-Onone";
			};
			name = Debug;
		};
		28DB51F02C0D966C0027198F /* Release */ = {
			isa = XCBuildConfiguration;
			buildSettings = {
				ALWAYS_SEARCH_USER_PATHS = NO;
				ASSETCATALOG_COMPILER_GENERATE_SWIFT_ASSET_SYMBOL_EXTENSIONS = YES;
				CLANG_ANALYZER_NONNULL = YES;
				CLANG_ANALYZER_NUMBER_OBJECT_CONVERSION = YES_AGGRESSIVE;
				CLANG_CXX_LANGUAGE_STANDARD = "gnu++20";
				CLANG_ENABLE_MODULES = YES;
				CLANG_ENABLE_OBJC_ARC = YES;
				CLANG_ENABLE_OBJC_WEAK = YES;
				CLANG_WARN_BLOCK_CAPTURE_AUTORELEASING = YES;
				CLANG_WARN_BOOL_CONVERSION = YES;
				CLANG_WARN_COMMA = YES;
				CLANG_WARN_CONSTANT_CONVERSION = YES;
				CLANG_WARN_DEPRECATED_OBJC_IMPLEMENTATIONS = YES;
				CLANG_WARN_DIRECT_OBJC_ISA_USAGE = YES_ERROR;
				CLANG_WARN_DOCUMENTATION_COMMENTS = YES;
				CLANG_WARN_EMPTY_BODY = YES;
				CLANG_WARN_ENUM_CONVERSION = YES;
				CLANG_WARN_INFINITE_RECURSION = YES;
				CLANG_WARN_INT_CONVERSION = YES;
				CLANG_WARN_NON_LITERAL_NULL_CONVERSION = YES;
				CLANG_WARN_OBJC_IMPLICIT_RETAIN_SELF = YES;
				CLANG_WARN_OBJC_LITERAL_CONVERSION = YES;
				CLANG_WARN_OBJC_ROOT_CLASS = YES_ERROR;
				CLANG_WARN_QUOTED_INCLUDE_IN_FRAMEWORK_HEADER = YES;
				CLANG_WARN_RANGE_LOOP_ANALYSIS = YES;
				CLANG_WARN_STRICT_PROTOTYPES = YES;
				CLANG_WARN_SUSPICIOUS_MOVE = YES;
				CLANG_WARN_UNGUARDED_AVAILABILITY = YES_AGGRESSIVE;
				CLANG_WARN_UNREACHABLE_CODE = YES;
				CLANG_WARN__DUPLICATE_METHOD_MATCH = YES;
				COPY_PHASE_STRIP = NO;
				DEBUG_INFORMATION_FORMAT = "dwarf-with-dsym";
				ENABLE_NS_ASSERTIONS = NO;
				ENABLE_STRICT_OBJC_MSGSEND = YES;
				ENABLE_USER_SCRIPT_SANDBOXING = YES;
				GCC_C_LANGUAGE_STANDARD = gnu17;
				GCC_NO_COMMON_BLOCKS = YES;
				GCC_WARN_64_TO_32_BIT_CONVERSION = YES;
				GCC_WARN_ABOUT_RETURN_TYPE = YES_ERROR;
				GCC_WARN_UNDECLARED_SELECTOR = YES;
				GCC_WARN_UNINITIALIZED_AUTOS = YES_AGGRESSIVE;
				GCC_WARN_UNUSED_FUNCTION = YES;
				GCC_WARN_UNUSED_VARIABLE = YES;
				IPHONEOS_DEPLOYMENT_TARGET = 17.4;
				LOCALIZATION_PREFERS_STRING_CATALOGS = YES;
				MTL_ENABLE_DEBUG_INFO = NO;
				MTL_FAST_MATH = YES;
				SDKROOT = iphoneos;
				SWIFT_COMPILATION_MODE = wholemodule;
				VALIDATE_PRODUCT = YES;
			};
			name = Release;
		};
		28DB51F22C0D966C0027198F /* Debug */ = {
			isa = XCBuildConfiguration;
			buildSettings = {
				ASSETCATALOG_COMPILER_APPICON_NAME = AppIcon;
				ASSETCATALOG_COMPILER_GLOBAL_ACCENT_COLOR_NAME = AccentColor;
				CODE_SIGN_STYLE = Automatic;
				CURRENT_PROJECT_VERSION = 1;
				DEVELOPMENT_ASSET_PATHS = "\"CoffeeScale/Preview Content\"";
				DEVELOPMENT_TEAM = 3CPQ28ZTZP;
				ENABLE_PREVIEWS = YES;
				GENERATE_INFOPLIST_FILE = YES;
				INFOPLIST_KEY_CFBundleDisplayName = "Kofezavr Scale";
				INFOPLIST_KEY_LSApplicationCategoryType = "public.app-category.food-and-drink";
				INFOPLIST_KEY_NSBluetoothAlwaysUsageDescription = "Allow for bluetooth use";
				INFOPLIST_KEY_NSBluetoothPeripheralUsageDescription = "Please allow using bluetooth for scale discovering";
				INFOPLIST_KEY_UIApplicationSceneManifest_Generation = YES;
				INFOPLIST_KEY_UIApplicationSupportsIndirectInputEvents = YES;
				INFOPLIST_KEY_UILaunchScreen_Generation = YES;
				INFOPLIST_KEY_UISupportedInterfaceOrientations_iPad = "UIInterfaceOrientationPortrait UIInterfaceOrientationPortraitUpsideDown UIInterfaceOrientationLandscapeLeft UIInterfaceOrientationLandscapeRight";
				INFOPLIST_KEY_UISupportedInterfaceOrientations_iPhone = "UIInterfaceOrientationPortrait UIInterfaceOrientationLandscapeLeft UIInterfaceOrientationLandscapeRight";
				IPHONEOS_DEPLOYMENT_TARGET = 15.0;
				LD_RUNPATH_SEARCH_PATHS = (
					"$(inherited)",
					"@executable_path/Frameworks",
				);
				MARKETING_VERSION = 1.0;
				PRODUCT_BUNDLE_IDENTIFIER = ru.kofezavr.CoffeeScale;
				PRODUCT_NAME = "$(TARGET_NAME)";
				SWIFT_EMIT_LOC_STRINGS = YES;
				SWIFT_VERSION = 5.0;
				TARGETED_DEVICE_FAMILY = "1,2";
			};
			name = Debug;
		};
		28DB51F32C0D966C0027198F /* Release */ = {
			isa = XCBuildConfiguration;
			buildSettings = {
				ASSETCATALOG_COMPILER_APPICON_NAME = AppIcon;
				ASSETCATALOG_COMPILER_GLOBAL_ACCENT_COLOR_NAME = AccentColor;
				CODE_SIGN_STYLE = Automatic;
				CURRENT_PROJECT_VERSION = 1;
				DEVELOPMENT_ASSET_PATHS = "\"CoffeeScale/Preview Content\"";
				DEVELOPMENT_TEAM = 3CPQ28ZTZP;
				ENABLE_PREVIEWS = YES;
				GENERATE_INFOPLIST_FILE = YES;
				INFOPLIST_KEY_CFBundleDisplayName = "Kofezavr Scale";
				INFOPLIST_KEY_LSApplicationCategoryType = "public.app-category.food-and-drink";
				INFOPLIST_KEY_NSBluetoothAlwaysUsageDescription = "Allow for bluetooth use";
				INFOPLIST_KEY_NSBluetoothPeripheralUsageDescription = "Please allow using bluetooth for scale discovering";
				INFOPLIST_KEY_UIApplicationSceneManifest_Generation = YES;
				INFOPLIST_KEY_UIApplicationSupportsIndirectInputEvents = YES;
				INFOPLIST_KEY_UILaunchScreen_Generation = YES;
				INFOPLIST_KEY_UISupportedInterfaceOrientations_iPad = "UIInterfaceOrientationPortrait UIInterfaceOrientationPortraitUpsideDown UIInterfaceOrientationLandscapeLeft UIInterfaceOrientationLandscapeRight";
				INFOPLIST_KEY_UISupportedInterfaceOrientations_iPhone = "UIInterfaceOrientationPortrait UIInterfaceOrientationLandscapeLeft UIInterfaceOrientationLandscapeRight";
				IPHONEOS_DEPLOYMENT_TARGET = 15.0;
				LD_RUNPATH_SEARCH_PATHS = (
					"$(inherited)",
					"@executable_path/Frameworks",
				);
				MARKETING_VERSION = 1.0;
				PRODUCT_BUNDLE_IDENTIFIER = ru.kofezavr.CoffeeScale;
				PRODUCT_NAME = "$(TARGET_NAME)";
				SWIFT_EMIT_LOC_STRINGS = YES;
				SWIFT_VERSION = 5.0;
				TARGETED_DEVICE_FAMILY = "1,2";
			};
			name = Release;
		};
		28DB51F52C0D966C0027198F /* Debug */ = {
			isa = XCBuildConfiguration;
			buildSettings = {
				ALWAYS_EMBED_SWIFT_STANDARD_LIBRARIES = YES;
				BUNDLE_LOADER = "$(TEST_HOST)";
				CODE_SIGN_STYLE = Automatic;
				CURRENT_PROJECT_VERSION = 1;
				DEVELOPMENT_TEAM = 3CPQ28ZTZP;
				GENERATE_INFOPLIST_FILE = YES;
				IPHONEOS_DEPLOYMENT_TARGET = 17.4;
				MARKETING_VERSION = 1.0;
				PRODUCT_BUNDLE_IDENTIFIER = ru.kofezavr.CoffeeScaleTests;
				PRODUCT_NAME = "$(TARGET_NAME)";
				SWIFT_EMIT_LOC_STRINGS = NO;
				SWIFT_VERSION = 5.0;
				TARGETED_DEVICE_FAMILY = "1,2";
				TEST_HOST = "$(BUILT_PRODUCTS_DIR)/CoffeeScale.app/$(BUNDLE_EXECUTABLE_FOLDER_PATH)/CoffeeScale";
			};
			name = Debug;
		};
		28DB51F62C0D966C0027198F /* Release */ = {
			isa = XCBuildConfiguration;
			buildSettings = {
				ALWAYS_EMBED_SWIFT_STANDARD_LIBRARIES = YES;
				BUNDLE_LOADER = "$(TEST_HOST)";
				CODE_SIGN_STYLE = Automatic;
				CURRENT_PROJECT_VERSION = 1;
				DEVELOPMENT_TEAM = 3CPQ28ZTZP;
				GENERATE_INFOPLIST_FILE = YES;
				IPHONEOS_DEPLOYMENT_TARGET = 17.4;
				MARKETING_VERSION = 1.0;
				PRODUCT_BUNDLE_IDENTIFIER = ru.kofezavr.CoffeeScaleTests;
				PRODUCT_NAME = "$(TARGET_NAME)";
				SWIFT_EMIT_LOC_STRINGS = NO;
				SWIFT_VERSION = 5.0;
				TARGETED_DEVICE_FAMILY = "1,2";
				TEST_HOST = "$(BUILT_PRODUCTS_DIR)/CoffeeScale.app/$(BUNDLE_EXECUTABLE_FOLDER_PATH)/CoffeeScale";
			};
			name = Release;
		};
		28DB51F82C0D966C0027198F /* Debug */ = {
			isa = XCBuildConfiguration;
			buildSettings = {
				ALWAYS_EMBED_SWIFT_STANDARD_LIBRARIES = YES;
				CODE_SIGN_STYLE = Automatic;
				CURRENT_PROJECT_VERSION = 1;
				DEVELOPMENT_TEAM = 3CPQ28ZTZP;
				GENERATE_INFOPLIST_FILE = YES;
				MARKETING_VERSION = 1.0;
				PRODUCT_BUNDLE_IDENTIFIER = ru.kofezavr.CoffeeScaleUITests;
				PRODUCT_NAME = "$(TARGET_NAME)";
				SWIFT_EMIT_LOC_STRINGS = NO;
				SWIFT_VERSION = 5.0;
				TARGETED_DEVICE_FAMILY = "1,2";
				TEST_TARGET_NAME = CoffeeScale;
			};
			name = Debug;
		};
		28DB51F92C0D966C0027198F /* Release */ = {
			isa = XCBuildConfiguration;
			buildSettings = {
				ALWAYS_EMBED_SWIFT_STANDARD_LIBRARIES = YES;
				CODE_SIGN_STYLE = Automatic;
				CURRENT_PROJECT_VERSION = 1;
				DEVELOPMENT_TEAM = 3CPQ28ZTZP;
				GENERATE_INFOPLIST_FILE = YES;
				MARKETING_VERSION = 1.0;
				PRODUCT_BUNDLE_IDENTIFIER = ru.kofezavr.CoffeeScaleUITests;
				PRODUCT_NAME = "$(TARGET_NAME)";
				SWIFT_EMIT_LOC_STRINGS = NO;
				SWIFT_VERSION = 5.0;
				TARGETED_DEVICE_FAMILY = "1,2";
				TEST_TARGET_NAME = CoffeeScale;
			};
			name = Release;
		};
/* End XCBuildConfiguration section */

/* Begin XCConfigurationList section */
		28DB51C82C0D966A0027198F /* Build configuration list for PBXProject "CoffeeScale" */ = {
			isa = XCConfigurationList;
			buildConfigurations = (
				28DB51EF2C0D966C0027198F /* Debug */,
				28DB51F02C0D966C0027198F /* Release */,
			);
			defaultConfigurationIsVisible = 0;
			defaultConfigurationName = Release;
		};
		28DB51F12C0D966C0027198F /* Build configuration list for PBXNativeTarget "CoffeeScale" */ = {
			isa = XCConfigurationList;
			buildConfigurations = (
				28DB51F22C0D966C0027198F /* Debug */,
				28DB51F32C0D966C0027198F /* Release */,
			);
			defaultConfigurationIsVisible = 0;
			defaultConfigurationName = Release;
		};
		28DB51F42C0D966C0027198F /* Build configuration list for PBXNativeTarget "CoffeeScaleTests" */ = {
			isa = XCConfigurationList;
			buildConfigurations = (
				28DB51F52C0D966C0027198F /* Debug */,
				28DB51F62C0D966C0027198F /* Release */,
			);
			defaultConfigurationIsVisible = 0;
			defaultConfigurationName = Release;
		};
		28DB51F72C0D966C0027198F /* Build configuration list for PBXNativeTarget "CoffeeScaleUITests" */ = {
			isa = XCConfigurationList;
			buildConfigurations = (
				28DB51F82C0D966C0027198F /* Debug */,
				28DB51F92C0D966C0027198F /* Release */,
			);
			defaultConfigurationIsVisible = 0;
			defaultConfigurationName = Release;
		};
/* End XCConfigurationList section */
	};
	rootObject = 28DB51C52C0D966A0027198F /* Project object */;
}
